// !$*UTF8*$!
{
	archiveVersion = 1;
	classes = {
	};
	objectVersion = 77;
	objects = {

/* Begin PBXBuildFile section */
		14D3F1FD3275943DE58345B6 /* WLBackground.swift in Sources */ = {isa = PBXBuildFile; fileRef = 2C8B25C31E2067CB6F4A9AED /* WLBackground.swift */; };
		202A6E8EED15219B8A3FEA93 /* TaskMapperTests.swift in Sources */ = {isa = PBXBuildFile; fileRef = A7E662B702E610D1F484C87B /* TaskMapperTests.swift */; };
		233F216B7A0F517A69C4E92B /* TaskDTO.swift in Sources */ = {isa = PBXBuildFile; fileRef = 4E78EB50C88FD4B3EAC2CDE8 /* TaskDTO.swift */; };
		2D0A481BC752BA9C6EBD8A7A /* ISO8601Tests.swift in Sources */ = {isa = PBXBuildFile; fileRef = 64FEF131C462563F94B923BD /* ISO8601Tests.swift */; };
		3B20FBDDEF34D9E42A33427A /* RepositoryTests.swift in Sources */ = {isa = PBXBuildFile; fileRef = 7F9085E1F4B4816D02C800C7 /* RepositoryTests.swift */; };
		41404A0F661223192C9B1030 /* TaskDTOTests.swift in Sources */ = {isa = PBXBuildFile; fileRef = 4F7F3203B2AB93875DAE670C /* TaskDTOTests.swift */; };
		4608A72190816227611935BD /* Entities.swift in Sources */ = {isa = PBXBuildFile; fileRef = 427D5FC64AC66D820D8D2262 /* Entities.swift */; };
		4F85F015F8E40D78C3595F10 /* NudgeService.swift in Sources */ = {isa = PBXBuildFile; fileRef = B87B5C6385148F6DABE0F72B /* NudgeService.swift */; };
		54D512FEC57955D2049713C4 /* TaskCardView.swift in Sources */ = {isa = PBXBuildFile; fileRef = B93B103FE5319889196B1BDF /* TaskCardView.swift */; };
		5538079EA0D26FADD9E8B5D4 /* NudgeCoordinator.swift in Sources */ = {isa = PBXBuildFile; fileRef = 47F4BFA9B5E9280A0D908AFA /* NudgeCoordinator.swift */; };
		577568184FF4396AF09BB84E /* Urgency.swift in Sources */ = {isa = PBXBuildFile; fileRef = 27CF3ADE60A16F2DA9D6DED3 /* Urgency.swift */; };
		598FC31D6C3EAF422431C23E /* Seed.swift in Sources */ = {isa = PBXBuildFile; fileRef = A8312E5CD645860FE723F0EF /* Seed.swift */; };
		5D003B7A434FC8AC3A1BBFC8 /* ExportEnvelope.swift in Sources */ = {isa = PBXBuildFile; fileRef = 8D0053E36AD58662ABEF0075 /* ExportEnvelope.swift */; };
		6112E972121FE14FE828301E /* EntityRoundTripTests.swift in Sources */ = {isa = PBXBuildFile; fileRef = 9F0154265D603D1014903D83 /* EntityRoundTripTests.swift */; };
		6259F906D65BBE7D68F7090B /* FMNModelContainer.swift in Sources */ = {isa = PBXBuildFile; fileRef = 10DCB8D81EF9B60D11C8AA65 /* FMNModelContainer.swift */; };
		658422E8A3C989D8997E3BC7 /* FoundationModelsNudgeService.swift in Sources */ = {isa = PBXBuildFile; fileRef = B1A80B0B95FD37E57C8AB49C /* FoundationModelsNudgeService.swift */; };
		6EA670A0FE5F862CFAC63D7D /* UrgencyBarView.swift in Sources */ = {isa = PBXBuildFile; fileRef = FF246E32EB842099D1B8DADA /* UrgencyBarView.swift */; };
		7ABEDAD572E9A99011118B57 /* ExportEnvelopeTests.swift in Sources */ = {isa = PBXBuildFile; fileRef = 573B430D27E8801CE055B0B1 /* ExportEnvelopeTests.swift */; };
		7EC6303C70EA5DA399A9B4CB /* InsightView.swift in Sources */ = {isa = PBXBuildFile; fileRef = C217373FE55EC5A910C414AB /* InsightView.swift */; };
		84C47A24AB93B0F2F172F66F /* web-export.json in Resources */ = {isa = PBXBuildFile; fileRef = C6571BC608A3F26F348738AC /* web-export.json */; };
		862EB068A74D75441B463C1F /* ISO8601.swift in Sources */ = {isa = PBXBuildFile; fileRef = 358F1078CCCA65C534EA4AB1 /* ISO8601.swift */; };
		99FAFB17C009161826CD77D7 /* TaskListView.swift in Sources */ = {isa = PBXBuildFile; fileRef = 3727F96923D5A00D56A3F032 /* TaskListView.swift */; };
		AC2A5095B67901BBE85EC6A0 /* InsightService.swift in Sources */ = {isa = PBXBuildFile; fileRef = 2D7C447A0E61DCB930D5309C /* InsightService.swift */; };
		AD465367B127BD2AC8892180 /* ForgetMeNotApp.swift in Sources */ = {isa = PBXBuildFile; fileRef = 5965153C091A7D123E190CEC /* ForgetMeNotApp.swift */; };
		AF6685D38B2098AB6D70FD14 /* Lifecycle.swift in Sources */ = {isa = PBXBuildFile; fileRef = 2EAC044F8F46AB17509EE507 /* Lifecycle.swift */; };
		B39B858BAFA2EF6107EEFDE8 /* WL.swift in Sources */ = {isa = PBXBuildFile; fileRef = 572D3CF2FDDB2EDBB15FB063 /* WL.swift */; };
		B4DA9BD09386F3C3C5AE7D34 /* LifecycleTests.swift in Sources */ = {isa = PBXBuildFile; fileRef = 8869A21F715B3F04FF1EE9B1 /* LifecycleTests.swift */; };
		B5284D029C054DA2D84F55A9 /* UrgencyTests.swift in Sources */ = {isa = PBXBuildFile; fileRef = 406F49AB320CA4DBD3D93EBB /* UrgencyTests.swift */; };
		C3AF43F432E4FE66571575C7 /* AppStore.swift in Sources */ = {isa = PBXBuildFile; fileRef = 313C2EA16D371E2A314FF331 /* AppStore.swift */; };
		C798319CCC36D449AABECB95 /* Cadence.swift in Sources */ = {isa = PBXBuildFile; fileRef = 7481CAE26E54820AC56B8DA7 /* Cadence.swift */; };
		CE8A9FB77DFD84040F9AFA20 /* CadenceTests.swift in Sources */ = {isa = PBXBuildFile; fileRef = 0097F1A7BBF79AC1048F9059 /* CadenceTests.swift */; };
		D2438B5D9FC359973BF2EFAA /* FoundationModelsInsightService.swift in Sources */ = {isa = PBXBuildFile; fileRef = 35A2C3454F5129B1ED82C6FD /* FoundationModelsInsightService.swift */; };
		F2B6DF7EB3525A07BF857C22 /* TaskMapper.swift in Sources */ = {isa = PBXBuildFile; fileRef = C20D5AD7B83C5433C9A8D306 /* TaskMapper.swift */; };
		FFC17AA0690AD753691C817E /* TaskRepository.swift in Sources */ = {isa = PBXBuildFile; fileRef = 0A6E3039AACAE58A1C598264 /* TaskRepository.swift */; };
/* End PBXBuildFile section */

/* Begin PBXContainerItemProxy section */
		A6A8DBB849F5B2239422B8FE /* PBXContainerItemProxy */ = {
			isa = PBXContainerItemProxy;
			containerPortal = 62B5121E7CFFF8D940DCAF3D /* Project object */;
			proxyType = 1;
			remoteGlobalIDString = 8F564E849F08E719AAEB3CC5;
			remoteInfo = ForgetMeNot;
		};
/* End PBXContainerItemProxy section */

/* Begin PBXFileReference section */
		0097F1A7BBF79AC1048F9059 /* CadenceTests.swift */ = {isa = PBXFileReference; lastKnownFileType = sourcecode.swift; path = CadenceTests.swift; sourceTree = "<group>"; };
		03E58746B0D9FD73CC2C3F7C /* Info.plist */ = {isa = PBXFileReference; lastKnownFileType = text.plist; path = Info.plist; sourceTree = "<group>"; };
		0A6E3039AACAE58A1C598264 /* TaskRepository.swift */ = {isa = PBXFileReference; lastKnownFileType = sourcecode.swift; path = TaskRepository.swift; sourceTree = "<group>"; };
		10DCB8D81EF9B60D11C8AA65 /* FMNModelContainer.swift */ = {isa = PBXFileReference; lastKnownFileType = sourcecode.swift; path = FMNModelContainer.swift; sourceTree = "<group>"; };
		27CF3ADE60A16F2DA9D6DED3 /* Urgency.swift */ = {isa = PBXFileReference; lastKnownFileType = sourcecode.swift; path = Urgency.swift; sourceTree = "<group>"; };
		2C8B25C31E2067CB6F4A9AED /* WLBackground.swift */ = {isa = PBXFileReference; lastKnownFileType = sourcecode.swift; path = WLBackground.swift; sourceTree = "<group>"; };
		2D7C447A0E61DCB930D5309C /* InsightService.swift */ = {isa = PBXFileReference; lastKnownFileType = sourcecode.swift; path = InsightService.swift; sourceTree = "<group>"; };
		2EAC044F8F46AB17509EE507 /* Lifecycle.swift */ = {isa = PBXFileReference; lastKnownFileType = sourcecode.swift; path = Lifecycle.swift; sourceTree = "<group>"; };
		313C2EA16D371E2A314FF331 /* AppStore.swift */ = {isa = PBXFileReference; lastKnownFileType = sourcecode.swift; path = AppStore.swift; sourceTree = "<group>"; };
		358F1078CCCA65C534EA4AB1 /* ISO8601.swift */ = {isa = PBXFileReference; lastKnownFileType = sourcecode.swift; path = ISO8601.swift; sourceTree = "<group>"; };
		35A2C3454F5129B1ED82C6FD /* FoundationModelsInsightService.swift */ = {isa = PBXFileReference; lastKnownFileType = sourcecode.swift; path = FoundationModelsInsightService.swift; sourceTree = "<group>"; };
		3727F96923D5A00D56A3F032 /* TaskListView.swift */ = {isa = PBXFileReference; lastKnownFileType = sourcecode.swift; path = TaskListView.swift; sourceTree = "<group>"; };
		3C68BD2A9062B1D34643FF43 /* ForgetMeNotTests.xctest */ = {isa = PBXFileReference; includeInIndex = 0; lastKnownFileType = wrapper.cfbundle; path = ForgetMeNotTests.xctest; sourceTree = BUILT_PRODUCTS_DIR; };
		406F49AB320CA4DBD3D93EBB /* UrgencyTests.swift */ = {isa = PBXFileReference; lastKnownFileType = sourcecode.swift; path = UrgencyTests.swift; sourceTree = "<group>"; };
		427D5FC64AC66D820D8D2262 /* Entities.swift */ = {isa = PBXFileReference; lastKnownFileType = sourcecode.swift; path = Entities.swift; sourceTree = "<group>"; };
		47F4BFA9B5E9280A0D908AFA /* NudgeCoordinator.swift */ = {isa = PBXFileReference; lastKnownFileType = sourcecode.swift; path = NudgeCoordinator.swift; sourceTree = "<group>"; };
		4E78EB50C88FD4B3EAC2CDE8 /* TaskDTO.swift */ = {isa = PBXFileReference; lastKnownFileType = sourcecode.swift; path = TaskDTO.swift; sourceTree = "<group>"; };
		4F7F3203B2AB93875DAE670C /* TaskDTOTests.swift */ = {isa = PBXFileReference; lastKnownFileType = sourcecode.swift; path = TaskDTOTests.swift; sourceTree = "<group>"; };
		572D3CF2FDDB2EDBB15FB063 /* WL.swift */ = {isa = PBXFileReference; lastKnownFileType = sourcecode.swift; path = WL.swift; sourceTree = "<group>"; };
		573B430D27E8801CE055B0B1 /* ExportEnvelopeTests.swift */ = {isa = PBXFileReference; lastKnownFileType = sourcecode.swift; path = ExportEnvelopeTests.swift; sourceTree = "<group>"; };
		5965153C091A7D123E190CEC /* ForgetMeNotApp.swift */ = {isa = PBXFileReference; lastKnownFileType = sourcecode.swift; path = ForgetMeNotApp.swift; sourceTree = "<group>"; };
		64FEF131C462563F94B923BD /* ISO8601Tests.swift */ = {isa = PBXFileReference; lastKnownFileType = sourcecode.swift; path = ISO8601Tests.swift; sourceTree = "<group>"; };
		7481CAE26E54820AC56B8DA7 /* Cadence.swift */ = {isa = PBXFileReference; lastKnownFileType = sourcecode.swift; path = Cadence.swift; sourceTree = "<group>"; };
		7F9085E1F4B4816D02C800C7 /* RepositoryTests.swift */ = {isa = PBXFileReference; lastKnownFileType = sourcecode.swift; path = RepositoryTests.swift; sourceTree = "<group>"; };
		8869A21F715B3F04FF1EE9B1 /* LifecycleTests.swift */ = {isa = PBXFileReference; lastKnownFileType = sourcecode.swift; path = LifecycleTests.swift; sourceTree = "<group>"; };
		8D0053E36AD58662ABEF0075 /* ExportEnvelope.swift */ = {isa = PBXFileReference; lastKnownFileType = sourcecode.swift; path = ExportEnvelope.swift; sourceTree = "<group>"; };
		9BC6880A3D9D91E25BA2296D /* ForgetMeNot.app */ = {isa = PBXFileReference; includeInIndex = 0; lastKnownFileType = wrapper.application; path = ForgetMeNot.app; sourceTree = BUILT_PRODUCTS_DIR; };
		9F0154265D603D1014903D83 /* EntityRoundTripTests.swift */ = {isa = PBXFileReference; lastKnownFileType = sourcecode.swift; path = EntityRoundTripTests.swift; sourceTree = "<group>"; };
		A7E662B702E610D1F484C87B /* TaskMapperTests.swift */ = {isa = PBXFileReference; lastKnownFileType = sourcecode.swift; path = TaskMapperTests.swift; sourceTree = "<group>"; };
		A8312E5CD645860FE723F0EF /* Seed.swift */ = {isa = PBXFileReference; lastKnownFileType = sourcecode.swift; path = Seed.swift; sourceTree = "<group>"; };
		B1A80B0B95FD37E57C8AB49C /* FoundationModelsNudgeService.swift */ = {isa = PBXFileReference; lastKnownFileType = sourcecode.swift; path = FoundationModelsNudgeService.swift; sourceTree = "<group>"; };
		B87B5C6385148F6DABE0F72B /* NudgeService.swift */ = {isa = PBXFileReference; lastKnownFileType = sourcecode.swift; path = NudgeService.swift; sourceTree = "<group>"; };
		B93B103FE5319889196B1BDF /* TaskCardView.swift */ = {isa = PBXFileReference; lastKnownFileType = sourcecode.swift; path = TaskCardView.swift; sourceTree = "<group>"; };
		C20D5AD7B83C5433C9A8D306 /* TaskMapper.swift */ = {isa = PBXFileReference; lastKnownFileType = sourcecode.swift; path = TaskMapper.swift; sourceTree = "<group>"; };
		C217373FE55EC5A910C414AB /* InsightView.swift */ = {isa = PBXFileReference; lastKnownFileType = sourcecode.swift; path = InsightView.swift; sourceTree = "<group>"; };
		C6571BC608A3F26F348738AC /* web-export.json */ = {isa = PBXFileReference; lastKnownFileType = text.json; path = "web-export.json"; sourceTree = "<group>"; };
		DC26CB17EC41CCDE313E4B6F /* ForgetMeNot.entitlements */ = {isa = PBXFileReference; lastKnownFileType = text.plist.entitlements; path = ForgetMeNot.entitlements; sourceTree = "<group>"; };
		FF246E32EB842099D1B8DADA /* UrgencyBarView.swift */ = {isa = PBXFileReference; lastKnownFileType = sourcecode.swift; path = UrgencyBarView.swift; sourceTree = "<group>"; };
		FF64A82423D5FA62C6457507 /* .gitkeep */ = {isa = PBXFileReference; path = .gitkeep; sourceTree = "<group>"; };
/* End PBXFileReference section */

/* Begin PBXGroup section */
		13EF0FC8B5546259CA4F9B4E /* Fixtures */ = {
			isa = PBXGroup;
			children = (
				C6571BC608A3F26F348738AC /* web-export.json */,
			);
			path = Fixtures;
			sourceTree = "<group>";
		};
		3F917B28AFE372C64D8497AB /* ForgetMeNotTests */ = {
			isa = PBXGroup;
			children = (
				FF64A82423D5FA62C6457507 /* .gitkeep */,
				0097F1A7BBF79AC1048F9059 /* CadenceTests.swift */,
				9F0154265D603D1014903D83 /* EntityRoundTripTests.swift */,
				573B430D27E8801CE055B0B1 /* ExportEnvelopeTests.swift */,
				64FEF131C462563F94B923BD /* ISO8601Tests.swift */,
				8869A21F715B3F04FF1EE9B1 /* LifecycleTests.swift */,
				7F9085E1F4B4816D02C800C7 /* RepositoryTests.swift */,
				4F7F3203B2AB93875DAE670C /* TaskDTOTests.swift */,
				A7E662B702E610D1F484C87B /* TaskMapperTests.swift */,
				406F49AB320CA4DBD3D93EBB /* UrgencyTests.swift */,
				13EF0FC8B5546259CA4F9B4E /* Fixtures */,
			);
			path = ForgetMeNotTests;
			sourceTree = "<group>";
		};
		403BDBAAB42B9B13A1690175 /* Theme */ = {
			isa = PBXGroup;
			children = (
				572D3CF2FDDB2EDBB15FB063 /* WL.swift */,
			);
			path = Theme;
			sourceTree = "<group>";
		};
		52B7C578FF9F9B7D3F77D3CD /* ForgetMeNot */ = {
			isa = PBXGroup;
			children = (
				DC26CB17EC41CCDE313E4B6F /* ForgetMeNot.entitlements */,
				5965153C091A7D123E190CEC /* ForgetMeNotApp.swift */,
				03E58746B0D9FD73CC2C3F7C /* Info.plist */,
				78C6243533E309DA9FDA0422 /* AI */,
				CC92DFDFA658B3ECCAABEDAA /* App */,
				D025456D75FC71E6AFFBB8D3 /* Domain */,
				97DBA92512FE5F1F9FDD52D8 /* Models */,
				8E249A4963C6C8E389259A04 /* Persistence */,
				403BDBAAB42B9B13A1690175 /* Theme */,
				FBEECF5EBD39BCBF2ABE48C2 /* Views */,
			);
			path = ForgetMeNot;
			sourceTree = "<group>";
		};
		61D9BCE343E21212EE0886BC /* Products */ = {
			isa = PBXGroup;
			children = (
				9BC6880A3D9D91E25BA2296D /* ForgetMeNot.app */,
				3C68BD2A9062B1D34643FF43 /* ForgetMeNotTests.xctest */,
			);
			name = Products;
			sourceTree = "<group>";
		};
		78C6243533E309DA9FDA0422 /* AI */ = {
			isa = PBXGroup;
			children = (
				35A2C3454F5129B1ED82C6FD /* FoundationModelsInsightService.swift */,
				B1A80B0B95FD37E57C8AB49C /* FoundationModelsNudgeService.swift */,
				2D7C447A0E61DCB930D5309C /* InsightService.swift */,
				47F4BFA9B5E9280A0D908AFA /* NudgeCoordinator.swift */,
				B87B5C6385148F6DABE0F72B /* NudgeService.swift */,
			);
			path = AI;
			sourceTree = "<group>";
		};
		8E249A4963C6C8E389259A04 /* Persistence */ = {
			isa = PBXGroup;
			children = (
				427D5FC64AC66D820D8D2262 /* Entities.swift */,
				10DCB8D81EF9B60D11C8AA65 /* FMNModelContainer.swift */,
				C20D5AD7B83C5433C9A8D306 /* TaskMapper.swift */,
				0A6E3039AACAE58A1C598264 /* TaskRepository.swift */,
			);
			path = Persistence;
			sourceTree = "<group>";
		};
		97DBA92512FE5F1F9FDD52D8 /* Models */ = {
			isa = PBXGroup;
			children = (
				8D0053E36AD58662ABEF0075 /* ExportEnvelope.swift */,
				358F1078CCCA65C534EA4AB1 /* ISO8601.swift */,
				4E78EB50C88FD4B3EAC2CDE8 /* TaskDTO.swift */,
			);
			path = Models;
			sourceTree = "<group>";
		};
		CBD7AAF8E2C2DCE0EC8AD20F = {
			isa = PBXGroup;
			children = (
				52B7C578FF9F9B7D3F77D3CD /* ForgetMeNot */,
				3F917B28AFE372C64D8497AB /* ForgetMeNotTests */,
				61D9BCE343E21212EE0886BC /* Products */,
			);
			sourceTree = "<group>";
		};
		CC92DFDFA658B3ECCAABEDAA /* App */ = {
			isa = PBXGroup;
			children = (
				313C2EA16D371E2A314FF331 /* AppStore.swift */,
				A8312E5CD645860FE723F0EF /* Seed.swift */,
			);
			path = App;
			sourceTree = "<group>";
		};
		D025456D75FC71E6AFFBB8D3 /* Domain */ = {
			isa = PBXGroup;
			children = (
				7481CAE26E54820AC56B8DA7 /* Cadence.swift */,
				2EAC044F8F46AB17509EE507 /* Lifecycle.swift */,
				27CF3ADE60A16F2DA9D6DED3 /* Urgency.swift */,
			);
			path = Domain;
			sourceTree = "<group>";
		};
		FBEECF5EBD39BCBF2ABE48C2 /* Views */ = {
			isa = PBXGroup;
			children = (
				C217373FE55EC5A910C414AB /* InsightView.swift */,
				B93B103FE5319889196B1BDF /* TaskCardView.swift */,
				3727F96923D5A00D56A3F032 /* TaskListView.swift */,
				FF246E32EB842099D1B8DADA /* UrgencyBarView.swift */,
				2C8B25C31E2067CB6F4A9AED /* WLBackground.swift */,
			);
			path = Views;
			sourceTree = "<group>";
		};
/* End PBXGroup section */

/* Begin PBXNativeTarget section */
		8F564E849F08E719AAEB3CC5 /* ForgetMeNot */ = {
			isa = PBXNativeTarget;
			buildConfigurationList = CD228EED7019BA5C95227CA4 /* Build configuration list for PBXNativeTarget "ForgetMeNot" */;
			buildPhases = (
				14EEC176B2328840EAAF6E7C /* Sources */,
			);
			buildRules = (
			);
			dependencies = (
			);
			name = ForgetMeNot;
			packageProductDependencies = (
			);
			productName = ForgetMeNot;
			productReference = 9BC6880A3D9D91E25BA2296D /* ForgetMeNot.app */;
			productType = "com.apple.product-type.application";
		};
		B0CD64315A9AD6AFEC716452 /* ForgetMeNotTests */ = {
			isa = PBXNativeTarget;
			buildConfigurationList = 8312078FDA6C5F49987E0873 /* Build configuration list for PBXNativeTarget "ForgetMeNotTests" */;
			buildPhases = (
				8615A5E0C12246414B19B87B /* Sources */,
				684434D09D5357FF2E86076E /* Resources */,
			);
			buildRules = (
			);
			dependencies = (
				6B5C83555EF7ADABF868921F /* PBXTargetDependency */,
			);
			name = ForgetMeNotTests;
			packageProductDependencies = (
			);
			productName = ForgetMeNotTests;
			productReference = 3C68BD2A9062B1D34643FF43 /* ForgetMeNotTests.xctest */;
			productType = "com.apple.product-type.bundle.unit-test";
		};
/* End PBXNativeTarget section */

/* Begin PBXProject section */
		62B5121E7CFFF8D940DCAF3D /* Project object */ = {
			isa = PBXProject;
			attributes = {
				BuildIndependentTargetsInParallel = YES;
				LastUpgradeCheck = 1430;
				TargetAttributes = {
					8F564E849F08E719AAEB3CC5 = {
						ProvisioningStyle = Automatic;
					};
				};
			};
			buildConfigurationList = 04F88708C2A4D59FC3D809BE /* Build configuration list for PBXProject "ForgetMeNot" */;
			compatibilityVersion = "Xcode 14.0";
			developmentRegion = en;
			hasScannedForEncodings = 0;
			knownRegions = (
				Base,
				en,
			);
			mainGroup = CBD7AAF8E2C2DCE0EC8AD20F;
			minimizedProjectReferenceProxies = 1;
			preferredProjectObjectVersion = 77;
			projectDirPath = "";
			projectRoot = "";
			targets = (
				8F564E849F08E719AAEB3CC5 /* ForgetMeNot */,
				B0CD64315A9AD6AFEC716452 /* ForgetMeNotTests */,
			);
		};
/* End PBXProject section */

/* Begin PBXResourcesBuildPhase section */
		684434D09D5357FF2E86076E /* Resources */ = {
			isa = PBXResourcesBuildPhase;
			buildActionMask = 2147483647;
			files = (
				84C47A24AB93B0F2F172F66F /* web-export.json in Resources */,
			);
			runOnlyForDeploymentPostprocessing = 0;
		};
/* End PBXResourcesBuildPhase section */

/* Begin PBXSourcesBuildPhase section */
		14EEC176B2328840EAAF6E7C /* Sources */ = {
			isa = PBXSourcesBuildPhase;
			buildActionMask = 2147483647;
			files = (
				C3AF43F432E4FE66571575C7 /* AppStore.swift in Sources */,
				C798319CCC36D449AABECB95 /* Cadence.swift in Sources */,
				4608A72190816227611935BD /* Entities.swift in Sources */,
				5D003B7A434FC8AC3A1BBFC8 /* ExportEnvelope.swift in Sources */,
				6259F906D65BBE7D68F7090B /* FMNModelContainer.swift in Sources */,
				AD465367B127BD2AC8892180 /* ForgetMeNotApp.swift in Sources */,
				D2438B5D9FC359973BF2EFAA /* FoundationModelsInsightService.swift in Sources */,
				658422E8A3C989D8997E3BC7 /* FoundationModelsNudgeService.swift in Sources */,
				862EB068A74D75441B463C1F /* ISO8601.swift in Sources */,
				AC2A5095B67901BBE85EC6A0 /* InsightService.swift in Sources */,
				7EC6303C70EA5DA399A9B4CB /* InsightView.swift in Sources */,
				AF6685D38B2098AB6D70FD14 /* Lifecycle.swift in Sources */,
				5538079EA0D26FADD9E8B5D4 /* NudgeCoordinator.swift in Sources */,
				4F85F015F8E40D78C3595F10 /* NudgeService.swift in Sources */,
				598FC31D6C3EAF422431C23E /* Seed.swift in Sources */,
				54D512FEC57955D2049713C4 /* TaskCardView.swift in Sources */,
				233F216B7A0F517A69C4E92B /* TaskDTO.swift in Sources */,
				99FAFB17C009161826CD77D7 /* TaskListView.swift in Sources */,
				F2B6DF7EB3525A07BF857C22 /* TaskMapper.swift in Sources */,
				FFC17AA0690AD753691C817E /* TaskRepository.swift in Sources */,
				577568184FF4396AF09BB84E /* Urgency.swift in Sources */,
				6EA670A0FE5F862CFAC63D7D /* UrgencyBarView.swift in Sources */,
				B39B858BAFA2EF6107EEFDE8 /* WL.swift in Sources */,
				14D3F1FD3275943DE58345B6 /* WLBackground.swift in Sources */,
			);
			runOnlyForDeploymentPostprocessing = 0;
		};
		8615A5E0C12246414B19B87B /* Sources */ = {
			isa = PBXSourcesBuildPhase;
			buildActionMask = 2147483647;
			files = (
				CE8A9FB77DFD84040F9AFA20 /* CadenceTests.swift in Sources */,
				6112E972121FE14FE828301E /* EntityRoundTripTests.swift in Sources */,
				7ABEDAD572E9A99011118B57 /* ExportEnvelopeTests.swift in Sources */,
				2D0A481BC752BA9C6EBD8A7A /* ISO8601Tests.swift in Sources */,
				B4DA9BD09386F3C3C5AE7D34 /* LifecycleTests.swift in Sources */,
				3B20FBDDEF34D9E42A33427A /* RepositoryTests.swift in Sources */,
				41404A0F661223192C9B1030 /* TaskDTOTests.swift in Sources */,
				202A6E8EED15219B8A3FEA93 /* TaskMapperTests.swift in Sources */,
				B5284D029C054DA2D84F55A9 /* UrgencyTests.swift in Sources */,
			);
			runOnlyForDeploymentPostprocessing = 0;
		};
/* End PBXSourcesBuildPhase section */

/* Begin PBXTargetDependency section */
		6B5C83555EF7ADABF868921F /* PBXTargetDependency */ = {
			isa = PBXTargetDependency;
			target = 8F564E849F08E719AAEB3CC5 /* ForgetMeNot */;
			targetProxy = A6A8DBB849F5B2239422B8FE /* PBXContainerItemProxy */;
		};
/* End PBXTargetDependency section */

/* Begin XCBuildConfiguration section */
		09151CD974019CEC8890E9C1 /* Debug */ = {
			isa = XCBuildConfiguration;
			buildSettings = {
				BUNDLE_LOADER = "$(TEST_HOST)";
				GENERATE_INFOPLIST_FILE = YES;
				LD_RUNPATH_SEARCH_PATHS = (
					"$(inherited)",
					"@executable_path/Frameworks",
					"@loader_path/Frameworks",
				);
				PRODUCT_BUNDLE_IDENTIFIER = com.lucianlabs.ForgetMeNotTests;
				SDKROOT = iphoneos;
				TARGETED_DEVICE_FAMILY = "1,2";
				TEST_HOST = "$(BUILT_PRODUCTS_DIR)/ForgetMeNot.app/ForgetMeNot";
			};
			name = Debug;
		};
		0F5C90A3380FD2C2EEAC642C /* Debug */ = {
			isa = XCBuildConfiguration;
			buildSettings = {
				ASSETCATALOG_COMPILER_APPICON_NAME = AppIcon;
				CODE_SIGN_ENTITLEMENTS = ForgetMeNot/ForgetMeNot.entitlements;
				CODE_SIGN_IDENTITY = "iPhone Developer";
				CODE_SIGN_STYLE = Automatic;
				GENERATE_INFOPLIST_FILE = NO;
				INFOPLIST_FILE = ForgetMeNot/Info.plist;
				LD_RUNPATH_SEARCH_PATHS = (
					"$(inherited)",
					"@executable_path/Frameworks",
				);
				PRODUCT_BUNDLE_IDENTIFIER = com.lucianlabs.forgetmenot;
				SDKROOT = iphoneos;
				TARGETED_DEVICE_FAMILY = "1,2";
			};
			name = Debug;
		};
		17207416B28C8B5A36CDF66A /* Debug */ = {
			isa = XCBuildConfiguration;
			buildSettings = {
				ALWAYS_SEARCH_USER_PATHS = NO;
				CLANG_ANALYZER_NONNULL = YES;
				CLANG_ANALYZER_NUMBER_OBJECT_CONVERSION = YES_AGGRESSIVE;
				CLANG_CXX_LANGUAGE_STANDARD = "gnu++14";
				CLANG_CXX_LIBRARY = "libc++";
				CLANG_ENABLE_MODULES = YES;
				CLANG_ENABLE_OBJC_ARC = YES;
				CLANG_ENABLE_OBJC_WEAK = YES;
				CLANG_WARN_BLOCK_CAPTURE_AUTORELEASING = YES;
				CLANG_WARN_BOOL_CONVERSION = YES;
				CLANG_WARN_COMMA = YES;
				CLANG_WARN_CONSTANT_CONVERSION = YES;
				CLANG_WARN_DEPRECATED_OBJC_IMPLEMENTATIONS = YES;
				CLANG_WARN_DIRECT_OBJC_ISA_USAGE = YES_ERROR;
				CLANG_WARN_DOCUMENTATION_COMMENTS = YES;
				CLANG_WARN_EMPTY_BODY = YES;
				CLANG_WARN_ENUM_CONVERSION = YES;
				CLANG_WARN_INFINITE_RECURSION = YES;
				CLANG_WARN_INT_CONVERSION = YES;
				CLANG_WARN_NON_LITERAL_NULL_CONVERSION = YES;
				CLANG_WARN_OBJC_IMPLICIT_RETAIN_SELF = YES;
				CLANG_WARN_OBJC_LITERAL_CONVERSION = YES;
				CLANG_WARN_OBJC_ROOT_CLASS = YES_ERROR;
				CLANG_WARN_QUOTED_INCLUDE_IN_FRAMEWORK_HEADER = YES;
				CLANG_WARN_RANGE_LOOP_ANALYSIS = YES;
				CLANG_WARN_STRICT_PROTOTYPES = YES;
				CLANG_WARN_SUSPICIOUS_MOVE = YES;
				CLANG_WARN_UNGUARDED_AVAILABILITY = YES_AGGRESSIVE;
				CLANG_WARN_UNREACHABLE_CODE = YES;
				CLANG_WARN__DUPLICATE_METHOD_MATCH = YES;
				COPY_PHASE_STRIP = NO;
				CURRENT_PROJECT_VERSION = 1;
				DEBUG_INFORMATION_FORMAT = dwarf;
				ENABLE_STRICT_OBJC_MSGSEND = YES;
				ENABLE_TESTABILITY = YES;
				GCC_C_LANGUAGE_STANDARD = gnu11;
				GCC_DYNAMIC_NO_PIC = NO;
				GCC_NO_COMMON_BLOCKS = YES;
				GCC_OPTIMIZATION_LEVEL = 0;
				GCC_PREPROCESSOR_DEFINITIONS = (
					"$(inherited)",
					"DEBUG=1",
				);
				GCC_WARN_64_TO_32_BIT_CONVERSION = YES;
				GCC_WARN_ABOUT_RETURN_TYPE = YES_ERROR;
				GCC_WARN_UNDECLARED_SELECTOR = YES;
				GCC_WARN_UNINITIALIZED_AUTOS = YES_AGGRESSIVE;
				GCC_WARN_UNUSED_FUNCTION = YES;
				GCC_WARN_UNUSED_VARIABLE = YES;
				IPHONEOS_DEPLOYMENT_TARGET = 18.0;
				MARKETING_VERSION = 2.0.0;
				MTL_ENABLE_DEBUG_INFO = INCLUDE_SOURCE;
				MTL_FAST_MATH = YES;
				ONLY_ACTIVE_ARCH = YES;
				PRODUCT_NAME = "$(TARGET_NAME)";
				SDKROOT = iphoneos;
				SWIFT_ACTIVE_COMPILATION_CONDITIONS = DEBUG;
				SWIFT_OPTIMIZATION_LEVEL = "-Onone";
				SWIFT_STRICT_CONCURRENCY = complete;
				SWIFT_VERSION = 6.0;
			};
			name = Debug;
		};
		277207BD0A87532FC9498218 /* Release */ = {
			isa = XCBuildConfiguration;
			buildSettings = {
				ALWAYS_SEARCH_USER_PATHS = NO;
				CLANG_ANALYZER_NONNULL = YES;
				CLANG_ANALYZER_NUMBER_OBJECT_CONVERSION = YES_AGGRESSIVE;
				CLANG_CXX_LANGUAGE_STANDARD = "gnu++14";
				CLANG_CXX_LIBRARY = "libc++";
				CLANG_ENABLE_MODULES = YES;
				CLANG_ENABLE_OBJC_ARC = YES;
				CLANG_ENABLE_OBJC_WEAK = YES;
				CLANG_WARN_BLOCK_CAPTURE_AUTORELEASING = YES;
				CLANG_WARN_BOOL_CONVERSION = YES;
				CLANG_WARN_COMMA = YES;
				CLANG_WARN_CONSTANT_CONVERSION = YES;
				CLANG_WARN_DEPRECATED_OBJC_IMPLEMENTATIONS = YES;
				CLANG_WARN_DIRECT_OBJC_ISA_USAGE = YES_ERROR;
				CLANG_WARN_DOCUMENTATION_COMMENTS = YES;
				CLANG_WARN_EMPTY_BODY = YES;
				CLANG_WARN_ENUM_CONVERSION = YES;
				CLANG_WARN_INFINITE_RECURSION = YES;
				CLANG_WARN_INT_CONVERSION = YES;
				CLANG_WARN_NON_LITERAL_NULL_CONVERSION = YES;
				CLANG_WARN_OBJC_IMPLICIT_RETAIN_SELF = YES;
				CLANG_WARN_OBJC_LITERAL_CONVERSION = YES;
				CLANG_WARN_OBJC_ROOT_CLASS = YES_ERROR;
				CLANG_WARN_QUOTED_INCLUDE_IN_FRAMEWORK_HEADER = YES;
				CLANG_WARN_RANGE_LOOP_ANALYSIS = YES;
				CLANG_WARN_STRICT_PROTOTYPES = YES;
				CLANG_WARN_SUSPICIOUS_MOVE = YES;
				CLANG_WARN_UNGUARDED_AVAILABILITY = YES_AGGRESSIVE;
				CLANG_WARN_UNREACHABLE_CODE = YES;
				CLANG_WARN__DUPLICATE_METHOD_MATCH = YES;
				COPY_PHASE_STRIP = NO;
				CURRENT_PROJECT_VERSION = 1;
				DEBUG_INFORMATION_FORMAT = "dwarf-with-dsym";
				ENABLE_NS_ASSERTIONS = NO;
				ENABLE_STRICT_OBJC_MSGSEND = YES;
				GCC_C_LANGUAGE_STANDARD = gnu11;
				GCC_NO_COMMON_BLOCKS = YES;
				GCC_WARN_64_TO_32_BIT_CONVERSION = YES;
				GCC_WARN_ABOUT_RETURN_TYPE = YES_ERROR;
				GCC_WARN_UNDECLARED_SELECTOR = YES;
				GCC_WARN_UNINITIALIZED_AUTOS = YES_AGGRESSIVE;
				GCC_WARN_UNUSED_FUNCTION = YES;
				GCC_WARN_UNUSED_VARIABLE = YES;
				IPHONEOS_DEPLOYMENT_TARGET = 18.0;
				MARKETING_VERSION = 2.0.0;
				MTL_ENABLE_DEBUG_INFO = NO;
				MTL_FAST_MATH = YES;
				PRODUCT_NAME = "$(TARGET_NAME)";
				SDKROOT = iphoneos;
				SWIFT_COMPILATION_MODE = wholemodule;
				SWIFT_OPTIMIZATION_LEVEL = "-O";
				SWIFT_STRICT_CONCURRENCY = complete;
				SWIFT_VERSION = 6.0;
			};
			name = Release;
		};
		85BAA8F5A4B7652E715B3946 /* Release */ = {
			isa = XCBuildConfiguration;
			buildSettings = {
				ASSETCATALOG_COMPILER_APPICON_NAME = AppIcon;
				CODE_SIGN_ENTITLEMENTS = ForgetMeNot/ForgetMeNot.entitlements;
				CODE_SIGN_IDENTITY = "iPhone Developer";
				CODE_SIGN_STYLE = Automatic;
				GENERATE_INFOPLIST_FILE = NO;
				INFOPLIST_FILE = ForgetMeNot/Info.plist;
				LD_RUNPATH_SEARCH_PATHS = (
					"$(inherited)",
					"@executable_path/Frameworks",
				);
				PRODUCT_BUNDLE_IDENTIFIER = com.lucianlabs.forgetmenot;
				SDKROOT = iphoneos;
				TARGETED_DEVICE_FAMILY = "1,2";
			};
			name = Release;
		};
		F1C4A8E8AE8EA647F5042498 /* Release */ = {
			isa = XCBuildConfiguration;
			buildSettings = {
				BUNDLE_LOADER = "$(TEST_HOST)";
				GENERATE_INFOPLIST_FILE = YES;
				LD_RUNPATH_SEARCH_PATHS = (
					"$(inherited)",
					"@executable_path/Frameworks",
					"@loader_path/Frameworks",
				);
				PRODUCT_BUNDLE_IDENTIFIER = com.lucianlabs.ForgetMeNotTests;
				SDKROOT = iphoneos;
				TARGETED_DEVICE_FAMILY = "1,2";
				TEST_HOST = "$(BUILT_PRODUCTS_DIR)/ForgetMeNot.app/ForgetMeNot";
			};
			name = Release;
		};
/* End XCBuildConfiguration section */

/* Begin XCConfigurationList section */
		04F88708C2A4D59FC3D809BE /* Build configuration list for PBXProject "ForgetMeNot" */ = {
			isa = XCConfigurationList;
			buildConfigurations = (
				17207416B28C8B5A36CDF66A /* Debug */,
				277207BD0A87532FC9498218 /* Release */,
			);
			defaultConfigurationIsVisible = 0;
			defaultConfigurationName = Debug;
		};
		8312078FDA6C5F49987E0873 /* Build configuration list for PBXNativeTarget "ForgetMeNotTests" */ = {
			isa = XCConfigurationList;
			buildConfigurations = (
				09151CD974019CEC8890E9C1 /* Debug */,
				F1C4A8E8AE8EA647F5042498 /* Release */,
			);
			defaultConfigurationIsVisible = 0;
			defaultConfigurationName = Debug;
		};
		CD228EED7019BA5C95227CA4 /* Build configuration list for PBXNativeTarget "ForgetMeNot" */ = {
			isa = XCConfigurationList;
			buildConfigurations = (
				0F5C90A3380FD2C2EEAC642C /* Debug */,
				85BAA8F5A4B7652E715B3946 /* Release */,
			);
			defaultConfigurationIsVisible = 0;
			defaultConfigurationName = Debug;
		};
/* End XCConfigurationList section */
	};
	rootObject = 62B5121E7CFFF8D940DCAF3D /* Project object */;
}
